// !$*UTF8*$!
{
	archiveVersion = 1;
	classes = {
	};
	objectVersion = 54;
	objects = {

/* Begin PBXBuildFile section */
		005A3F8026477AA000C0980F /* AppDelegate.swift in Sources */ = {isa = PBXBuildFile; fileRef = 005A3F7F26477AA000C0980F /* AppDelegate.swift */; };
		005A3F8226477AA000C0980F /* ViewController.swift in Sources */ = {isa = PBXBuildFile; fileRef = 005A3F8126477AA000C0980F /* ViewController.swift */; };
		005A3F8426477AA000C0980F /* Assets.xcassets in Resources */ = {isa = PBXBuildFile; fileRef = 005A3F8326477AA000C0980F /* Assets.xcassets */; };
		005A3F8726477AA000C0980F /* Main.storyboard in Resources */ = {isa = PBXBuildFile; fileRef = 005A3F8526477AA000C0980F /* Main.storyboard */; };
		005A3F9326477AA000C0980F /* swTests.swift in Sources */ = {isa = PBXBuildFile; fileRef = 005A3F9226477AA000C0980F /* swTests.swift */; };
		005A3F9E26477AA000C0980F /* swUITests.swift in Sources */ = {isa = PBXBuildFile; fileRef = 005A3F9D26477AA000C0980F /* swUITests.swift */; };
/* End PBXBuildFile section */

/* Begin PBXContainerItemProxy section */
		005A3F8F26477AA000C0980F /* PBXContainerItemProxy */ = {
			isa = PBXContainerItemProxy;
			containerPortal = 005A3F7426477AA000C0980F /* Project object */;
			proxyType = 1;
			remoteGlobalIDString = 005A3F7B26477AA000C0980F;
			remoteInfo = sw;
		};
		005A3F9A26477AA000C0980F /* PBXContainerItemProxy */ = {
			isa = PBXContainerItemProxy;
			containerPortal = 005A3F7426477AA000C0980F /* Project object */;
			proxyType = 1;
			remoteGlobalIDString = 005A3F7B26477AA000C0980F;
			remoteInfo = sw;
		};
/* End PBXContainerItemProxy section */

/* Begin PBXFileReference section */
		005A3F7C26477AA000C0980F /* sw.app */ = {isa = PBXFileReference; explicitFileType = wrapper.application; includeInIndex = 0; path = sw.app; sourceTree = BUILT_PRODUCTS_DIR; };
		005A3F7F26477AA000C0980F /* AppDelegate.swift */ = {isa = PBXFileReference; lastKnownFileType = sourcecode.swift; path = AppDelegate.swift; sourceTree = "<group>"; };
		005A3F8126477AA000C0980F /* ViewController.swift */ = {isa = PBXFileReference; lastKnownFileType = sourcecode.swift; path = ViewController.swift; sourceTree = "<group>"; };
		005A3F8326477AA000C0980F /* Assets.xcassets */ = {isa = PBXFileReference; lastKnownFileType = folder.assetcatalog; path = Assets.xcassets; sourceTree = "<group>"; };
		005A3F8626477AA000C0980F /* Base */ = {isa = PBXFileReference; lastKnownFileType = file.storyboard; name = Base; path = Base.lproj/Main.storyboard; sourceTree = "<group>"; };
		005A3F8826477AA000C0980F /* Info.plist */ = {isa = PBXFileReference; lastKnownFileType = text.plist.xml; path = Info.plist; sourceTree = "<group>"; };
		005A3F8926477AA000C0980F /* sw.entitlements */ = {isa = PBXFileReference; lastKnownFileType = text.plist.entitlements; path = sw.entitlements; sourceTree = "<group>"; };
		005A3F8E26477AA000C0980F /* swTests.xctest */ = {isa = PBXFileReference; explicitFileType = wrapper.cfbundle; includeInIndex = 0; path = swTests.xctest; sourceTree = BUILT_PRODUCTS_DIR; };
		005A3F9226477AA000C0980F /* swTests.swift */ = {isa = PBXFileReference; lastKnownFileType = sourcecode.swift; path = swTests.swift; sourceTree = "<group>"; };
		005A3F9426477AA000C0980F /* Info.plist */ = {isa = PBXFileReference; lastKnownFileType = text.plist.xml; path = Info.plist; sourceTree = "<group>"; };
		005A3F9926477AA000C0980F /* swUITests.xctest */ = {isa = PBXFileReference; explicitFileType = wrapper.cfbundle; includeInIndex = 0; path = swUITests.xctest; sourceTree = BUILT_PRODUCTS_DIR; };
		005A3F9D26477AA000C0980F /* swUITests.swift */ = {isa = PBXFileReference; lastKnownFileType = sourcecode.swift; path = swUITests.swift; sourceTree = "<group>"; };
		005A3F9F26477AA000C0980F /* Info.plist */ = {isa = PBXFileReference; lastKnownFileType = text.plist.xml; path = Info.plist; sourceTree = "<group>"; };
/* End PBXFileReference section */

/* Begin PBXFrameworksBuildPhase section */
		005A3F7926477AA000C0980F /* Frameworks */ = {
			isa = PBXFrameworksBuildPhase;
			buildActionMask = 2147483647;
			files = (
			);
			runOnlyForDeploymentPostprocessing = 0;
		};
		005A3F8B26477AA000C0980F /* Frameworks */ = {
			isa = PBXFrameworksBuildPhase;
			buildActionMask = 2147483647;
			files = (
			);
			runOnlyForDeploymentPostprocessing = 0;
		};
		005A3F9626477AA000C0980F /* Frameworks */ = {
			isa = PBXFrameworksBuildPhase;
			buildActionMask = 2147483647;
			files = (
			);
			runOnlyForDeploymentPostprocessing = 0;
		};
/* End PBXFrameworksBuildPhase section */

/* Begin PBXGroup section */
		005A3F7326477AA000C0980F = {
			isa = PBXGroup;
			children = (
				005A3F7E26477AA000C0980F /* sw */,
				005A3F9126477AA000C0980F /* swTests */,
				005A3F7D26477AA000C0980F /* Products */,
			);
			sourceTree = "<group>";
		};
		005A3F7D26477AA000C0980F /* Products */ = {
			isa = PBXGroup;
			children = (
				005A3F7C26477AA000C0980F /* sw.app */,
				005A3F8E26477AA000C0980F /* swTests.xctest */,
				005A3F9926477AA000C0980F /* swUITests.xctest */,
			);
			name = Products;
			sourceTree = "<group>";
		};
		005A3F7E26477AA000C0980F /* sw */ = {
			isa = PBXGroup;
			children = (
				005A3F7F26477AA000C0980F /* AppDelegate.swift */,
				005A3F8126477AA000C0980F /* ViewController.swift */,
				005A3F8326477AA000C0980F /* Assets.xcassets */,
				005A3F8526477AA000C0980F /* Main.storyboard */,
				005A3F8826477AA000C0980F /* Info.plist */,
				005A3F8926477AA000C0980F /* sw.entitlements */,
			);
			path = sw;
			sourceTree = "<group>";
		};
		005A3F9126477AA000C0980F /* swTests */ = {
			isa = PBXGroup;
			children = (
				005A3F9C26477AA000C0980F /* swUITests */,
				005A3F9226477AA000C0980F /* swTests.swift */,
				005A3F9426477AA000C0980F /* Info.plist */,
			);
			path = swTests;
			sourceTree = "<group>";
		};
		005A3F9C26477AA000C0980F /* swUITests */ = {
			isa = PBXGroup;
			children = (
				005A3F9D26477AA000C0980F /* swUITests.swift */,
				005A3F9F26477AA000C0980F /* Info.plist */,
			);
			path = swUITests;
			sourceTree = "<group>";
		};
/* End PBXGroup section */

/* Begin PBXNativeTarget section */
		005A3F7B26477AA000C0980F /* sw */ = {
			isa = PBXNativeTarget;
			buildConfigurationList = 005A3FA226477AA000C0980F /* Build configuration list for PBXNativeTarget "sw" */;
			buildPhases = (
				005A3F7826477AA000C0980F /* Sources */,
				005A3F7926477AA000C0980F /* Frameworks */,
				005A3F7A26477AA000C0980F /* Resources */,
			);
			buildRules = (
			);
			dependencies = (
			);
			name = sw;
			productName = sw;
			productReference = 005A3F7C26477AA000C0980F /* sw.app */;
			productType = "com.apple.product-type.application";
		};
		005A3F8D26477AA000C0980F /* swTests */ = {
			isa = PBXNativeTarget;
			buildConfigurationList = 005A3FA526477AA000C0980F /* Build configuration list for PBXNativeTarget "swTests" */;
			buildPhases = (
				005A3F8A26477AA000C0980F /* Sources */,
				005A3F8B26477AA000C0980F /* Frameworks */,
				005A3F8C26477AA000C0980F /* Resources */,
			);
			buildRules = (
			);
			dependencies = (
				005A3F9026477AA000C0980F /* PBXTargetDependency */,
			);
			name = swTests;
			productName = swTests;
			productReference = 005A3F8E26477AA000C0980F /* swTests.xctest */;
			productType = "com.apple.product-type.bundle.unit-test";
		};
		005A3F9826477AA000C0980F /* swUITests */ = {
			isa = PBXNativeTarget;
			buildConfigurationList = 005A3FA826477AA000C0980F /* Build configuration list for PBXNativeTarget "swUITests" */;
			buildPhases = (
				005A3F9526477AA000C0980F /* Sources */,
				005A3F9626477AA000C0980F /* Frameworks */,
				005A3F9726477AA000C0980F /* Resources */,
			);
			buildRules = (
			);
			dependencies = (
				005A3F9B26477AA000C0980F /* PBXTargetDependency */,
			);
			name = swUITests;
			productName = swUITests;
			productReference = 005A3F9926477AA000C0980F /* swUITests.xctest */;
			productType = "com.apple.product-type.bundle.ui-testing";
		};
/* End PBXNativeTarget section */

/* Begin PBXProject section */
		005A3F7426477AA000C0980F /* Project object */ = {
			isa = PBXProject;
			attributes = {
				LastSwiftUpdateCheck = 1240;
				LastUpgradeCheck = 1240;
				ORGANIZATIONNAME = VcSpace;
				TargetAttributes = {
					005A3F7B26477AA000C0980F = {
						CreatedOnToolsVersion = 12.4;
					};
					005A3F8D26477AA000C0980F = {
						CreatedOnToolsVersion = 12.4;
						TestTargetID = 005A3F7B26477AA000C0980F;
					};
					005A3F9826477AA000C0980F = {
						CreatedOnToolsVersion = 12.4;
						TestTargetID = 005A3F7B26477AA000C0980F;
					};
				};
			};
			buildConfigurationList = 005A3F7726477AA000C0980F /* Build configuration list for PBXProject "sw" */;
			compatibilityVersion = "Xcode 12.0";
			developmentRegion = en;
			hasScannedForEncodings = 0;
			knownRegions = (
				en,
				Base,
			);
			mainGroup = 005A3F7326477AA000C0980F;
			productRefGroup = 005A3F7D26477AA000C0980F /* Products */;
			projectDirPath = "";
			projectRoot = "";
			targets = (
				005A3F7B26477AA000C0980F /* sw */,
				005A3F8D26477AA000C0980F /* swTests */,
				005A3F9826477AA000C0980F /* swUITests */,
			);
		};
/* End PBXProject section */

/* Begin PBXResourcesBuildPhase section */
		005A3F7A26477AA000C0980F /* Resources */ = {
			isa = PBXResourcesBuildPhase;
			buildActionMask = 2147483647;
			files = (
				005A3F8426477AA000C0980F /* Assets.xcassets in Resources */,
				005A3F8726477AA000C0980F /* Main.storyboard in Resources */,
			);
			runOnlyForDeploymentPostprocessing = 0;
		};
		005A3F8C26477AA000C0980F /* Resources */ = {
			isa = PBXResourcesBuildPhase;
			buildActionMask = 2147483647;
			files = (
			);
			runOnlyForDeploymentPostprocessing = 0;
		};
		005A3F9726477AA000C0980F /* Resources */ = {
			isa = PBXResourcesBuildPhase;
			buildActionMask = 2147483647;
			files = (
			);
			runOnlyForDeploymentPostprocessing = 0;
		};
/* End PBXResourcesBuildPhase section */

/* Begin PBXSourcesBuildPhase section */
		005A3F7826477AA000C0980F /* Sources */ = {
			isa = PBXSourcesBuildPhase;
			buildActionMask = 2147483647;
			files = (
				005A3F8226477AA000C0980F /* ViewController.swift in Sources */,
				005A3F8026477AA000C0980F /* AppDelegate.swift in Sources */,
			);
			runOnlyForDeploymentPostprocessing = 0;
		};
		005A3F8A26477AA000C0980F /* Sources */ = {
			isa = PBXSourcesBuildPhase;
			buildActionMask = 2147483647;
			files = (
				005A3F9326477AA000C0980F /* swTests.swift in Sources */,
			);
			runOnlyForDeploymentPostprocessing = 0;
		};
		005A3F9526477AA000C0980F /* Sources */ = {
			isa = PBXSourcesBuildPhase;
			buildActionMask = 2147483647;
			files = (
				005A3F9E26477AA000C0980F /* swUITests.swift in Sources */,
			);
			runOnlyForDeploymentPostprocessing = 0;
		};
/* End PBXSourcesBuildPhase section */

/* Begin PBXTargetDependency section */
		005A3F9026477AA000C0980F /* PBXTargetDependency */ = {
			isa = PBXTargetDependency;
			target = 005A3F7B26477AA000C0980F /* sw */;
			targetProxy = 005A3F8F26477AA000C0980F /* PBXContainerItemProxy */;
		};
		005A3F9B26477AA000C0980F /* PBXTargetDependency */ = {
			isa = PBXTargetDependency;
			target = 005A3F7B26477AA000C0980F /* sw */;
			targetProxy = 005A3F9A26477AA000C0980F /* PBXContainerItemProxy */;
		};
/* End PBXTargetDependency section */

/* Begin PBXVariantGroup section */
		005A3F8526477AA000C0980F /* Main.storyboard */ = {
			isa = PBXVariantGroup;
			children = (
				005A3F8626477AA000C0980F /* Base */,
			);
			name = Main.storyboard;
			sourceTree = "<group>";
		};
/* End PBXVariantGroup section */

/* Begin XCBuildConfiguration section */
		005A3FA026477AA000C0980F /* Debug */ = {
			isa = XCBuildConfiguration;
			buildSettings = {
				ALWAYS_SEARCH_USER_PATHS = NO;
				CLANG_ANALYZER_NONNULL = YES;
				CLANG_ANALYZER_NUMBER_OBJECT_CONVERSION = YES_AGGRESSIVE;
				CLANG_CXX_LANGUAGE_STANDARD = "gnu++14";
				CLANG_CXX_LIBRARY = "libc++";
				CLANG_ENABLE_MODULES = YES;
				CLANG_ENABLE_OBJC_ARC = YES;
				CLANG_ENABLE_OBJC_WEAK = YES;
				CLANG_WARN_BLOCK_CAPTURE_AUTORELEASING = YES;
				CLANG_WARN_BOOL_CONVERSION = YES;
				CLANG_WARN_COMMA = YES;
				CLANG_WARN_CONSTANT_CONVERSION = YES;
				CLANG_WARN_DEPRECATED_OBJC_IMPLEMENTATIONS = YES;
				CLANG_WARN_DIRECT_OBJC_ISA_USAGE = YES_ERROR;
				CLANG_WARN_DOCUMENTATION_COMMENTS = YES;
				CLANG_WARN_EMPTY_BODY = YES;
				CLANG_WARN_ENUM_CONVERSION = YES;
				CLANG_WARN_INFINITE_RECURSION = YES;
				CLANG_WARN_INT_CONVERSION = YES;
				CLANG_WARN_NON_LITERAL_NULL_CONVERSION = YES;
				CLANG_WARN_OBJC_IMPLICIT_RETAIN_SELF = YES;
				CLANG_WARN_OBJC_LITERAL_CONVERSION = YES;
				CLANG_WARN_OBJC_ROOT_CLASS = YES_ERROR;
				CLANG_WARN_QUOTED_INCLUDE_IN_FRAMEWORK_HEADER = YES;
				CLANG_WARN_RANGE_LOOP_ANALYSIS = YES;
				CLANG_WARN_STRICT_PROTOTYPES = YES;
				CLANG_WARN_SUSPICIOUS_MOVE = YES;
				CLANG_WARN_UNGUARDED_AVAILABILITY = YES_AGGRESSIVE;
				CLANG_WARN_UNREACHABLE_CODE = YES;
				CLANG_WARN__DUPLICATE_METHOD_MATCH = YES;
				COPY_PHASE_STRIP = NO;
				DEBUG_INFORMATION_FORMAT = dwarf;
				ENABLE_STRICT_OBJC_MSGSEND = YES;
				ENABLE_TESTABILITY = YES;
				GCC_C_LANGUAGE_STANDARD = gnu11;
				GCC_DYNAMIC_NO_PIC = NO;
				GCC_NO_COMMON_BLOCKS = YES;
				GCC_OPTIMIZATION_LEVEL = 0;
				GCC_PREPROCESSOR_DEFINITIONS = (
					"DEBUG=1",
					"$(inherited)",
				);
				GCC_WARN_64_TO_32_BIT_CONVERSION = YES;
				GCC_WARN_ABOUT_RETURN_TYPE = YES_ERROR;
				GCC_WARN_UNDECLARED_SELECTOR = YES;
				GCC_WARN_UNINITIALIZED_AUTOS = YES_AGGRESSIVE;
				GCC_WARN_UNUSED_FUNCTION = YES;
				GCC_WARN_UNUSED_VARIABLE = YES;
				MACOSX_DEPLOYMENT_TARGET = 10.15;
				MTL_ENABLE_DEBUG_INFO = INCLUDE_SOURCE;
				MTL_FAST_MATH = YES;
				ONLY_ACTIVE_ARCH = YES;
				SDKROOT = macosx;
				SWIFT_ACTIVE_COMPILATION_CONDITIONS = DEBUG;
				SWIFT_OPTIMIZATION_LEVEL = "-Onone";
			};
			name = Debug;
		};
		005A3FA126477AA000C0980F /* Release */ = {
			isa = XCBuildConfiguration;
			buildSettings = {
				ALWAYS_SEARCH_USER_PATHS = NO;
				CLANG_ANALYZER_NONNULL = YES;
				CLANG_ANALYZER_NUMBER_OBJECT_CONVERSION = YES_AGGRESSIVE;
				CLANG_CXX_LANGUAGE_STANDARD = "gnu++14";
				CLANG_CXX_LIBRARY = "libc++";
				CLANG_ENABLE_MODULES = YES;
				CLANG_ENABLE_OBJC_ARC = YES;
				CLANG_ENABLE_OBJC_WEAK = YES;
				CLANG_WARN_BLOCK_CAPTURE_AUTORELEASING = YES;
				CLANG_WARN_BOOL_CONVERSION = YES;
				CLANG_WARN_COMMA = YES;
				CLANG_WARN_CONSTANT_CONVERSION = YES;
				CLANG_WARN_DEPRECATED_OBJC_IMPLEMENTATIONS = YES;
				CLANG_WARN_DIRECT_OBJC_ISA_USAGE = YES_ERROR;
				CLANG_WARN_DOCUMENTATION_COMMENTS = YES;
				CLANG_WARN_EMPTY_BODY = YES;
				CLANG_WARN_ENUM_CONVERSION = YES;
				CLANG_WARN_INFINITE_RECURSION = YES;
				CLANG_WARN_INT_CONVERSION = YES;
				CLANG_WARN_NON_LITERAL_NULL_CONVERSION = YES;
				CLANG_WARN_OBJC_IMPLICIT_RETAIN_SELF = YES;
				CLANG_WARN_OBJC_LITERAL_CONVERSION = YES;
				CLANG_WARN_OBJC_ROOT_CLASS = YES_ERROR;
				CLANG_WARN_QUOTED_INCLUDE_IN_FRAMEWORK_HEADER = YES;
				CLANG_WARN_RANGE_LOOP_ANALYSIS = YES;
				CLANG_WARN_STRICT_PROTOTYPES = YES;
				CLANG_WARN_SUSPICIOUS_MOVE = YES;
				CLANG_WARN_UNGUARDED_AVAILABILITY = YES_AGGRESSIVE;
				CLANG_WARN_UNREACHABLE_CODE = YES;
				CLANG_WARN__DUPLICATE_METHOD_MATCH = YES;
				COPY_PHASE_STRIP = NO;
				DEBUG_INFORMATION_FORMAT = "dwarf-with-dsym";
				ENABLE_NS_ASSERTIONS = NO;
				ENABLE_STRICT_OBJC_MSGSEND = YES;
				GCC_C_LANGUAGE_STANDARD = gnu11;
				GCC_NO_COMMON_BLOCKS = YES;
				GCC_WARN_64_TO_32_BIT_CONVERSION = YES;
				GCC_WARN_ABOUT_RETURN_TYPE = YES_ERROR;
				GCC_WARN_UNDECLARED_SELECTOR = YES;
				GCC_WARN_UNINITIALIZED_AUTOS = YES_AGGRESSIVE;
				GCC_WARN_UNUSED_FUNCTION = YES;
				GCC_WARN_UNUSED_VARIABLE = YES;
				MACOSX_DEPLOYMENT_TARGET = 10.15;
				MTL_ENABLE_DEBUG_INFO = NO;
				MTL_FAST_MATH = YES;
				SDKROOT = macosx;
				SWIFT_COMPILATION_MODE = wholemodule;
				SWIFT_OPTIMIZATION_LEVEL = "-O";
			};
			name = Release;
		};
		005A3FA326477AA000C0980F /* Debug */ = {
			isa = XCBuildConfiguration;
			buildSettings = {
				ASSETCATALOG_COMPILER_APPICON_NAME = AppIcon;
				ASSETCATALOG_COMPILER_GLOBAL_ACCENT_COLOR_NAME = AccentColor;
				CODE_SIGN_ENTITLEMENTS = sw/sw.entitlements;
				CODE_SIGN_STYLE = Automatic;
				COMBINE_HIDPI_IMAGES = YES;
				DEVELOPMENT_TEAM = 629XQDUFL6;
				ENABLE_HARDENED_RUNTIME = YES;
				INFOPLIST_FILE = sw/Info.plist;
				LD_RUNPATH_SEARCH_PATHS = (
					"$(inherited)",
					"@executable_path/../Frameworks",
				);
				PRODUCT_BUNDLE_IDENTIFIER = com.vcspace.sw;
				PRODUCT_NAME = "$(TARGET_NAME)";
				SWIFT_VERSION = 5.0;
			};
			name = Debug;
		};
		005A3FA426477AA000C0980F /* Release */ = {
			isa = XCBuildConfiguration;
			buildSettings = {
				ASSETCATALOG_COMPILER_APPICON_NAME = AppIcon;
				ASSETCATALOG_COMPILER_GLOBAL_ACCENT_COLOR_NAME = AccentColor;
				CODE_SIGN_ENTITLEMENTS = sw/sw.entitlements;
				CODE_SIGN_STYLE = Automatic;
				COMBINE_HIDPI_IMAGES = YES;
				DEVELOPMENT_TEAM = 629XQDUFL6;
				ENABLE_HARDENED_RUNTIME = YES;
				INFOPLIST_FILE = sw/Info.plist;
				LD_RUNPATH_SEARCH_PATHS = (
					"$(inherited)",
					"@executable_path/../Frameworks",
				);
				PRODUCT_BUNDLE_IDENTIFIER = com.vcspace.sw;
				PRODUCT_NAME = "$(TARGET_NAME)";
				SWIFT_VERSION = 5.0;
			};
			name = Release;
		};
		005A3FA626477AA000C0980F /* Debug */ = {
			isa = XCBuildConfiguration;
			buildSettings = {
				ALWAYS_EMBED_SWIFT_STANDARD_LIBRARIES = YES;
				BUNDLE_LOADER = "$(TEST_HOST)";
				CODE_SIGN_STYLE = Automatic;
				COMBINE_HIDPI_IMAGES = YES;
				DEVELOPMENT_TEAM = 629XQDUFL6;
				INFOPLIST_FILE = swTests/Info.plist;
				LD_RUNPATH_SEARCH_PATHS = (
					"$(inherited)",
					"@executable_path/../Frameworks",
					"@loader_path/../Frameworks",
				);
				MACOSX_DEPLOYMENT_TARGET = 10.15;
				PRODUCT_BUNDLE_IDENTIFIER = com.vcspace.swTests;
				PRODUCT_NAME = "$(TARGET_NAME)";
				SWIFT_VERSION = 5.0;
				TEST_HOST = "$(BUILT_PRODUCTS_DIR)/sw.app/Contents/MacOS/sw";
			};
			name = Debug;
		};
		005A3FA726477AA000C0980F /* Release */ = {
			isa = XCBuildConfiguration;
			buildSettings = {
				ALWAYS_EMBED_SWIFT_STANDARD_LIBRARIES = YES;
				BUNDLE_LOADER = "$(TEST_HOST)";
				CODE_SIGN_STYLE = Automatic;
				COMBINE_HIDPI_IMAGES = YES;
				DEVELOPMENT_TEAM = 629XQDUFL6;
				INFOPLIST_FILE = swTests/Info.plist;
				LD_RUNPATH_SEARCH_PATHS = (
					"$(inherited)",
					"@executable_path/../Frameworks",
					"@loader_path/../Frameworks",
				);
				MACOSX_DEPLOYMENT_TARGET = 10.15;
				PRODUCT_BUNDLE_IDENTIFIER = com.vcspace.swTests;
				PRODUCT_NAME = "$(TARGET_NAME)";
				SWIFT_VERSION = 5.0;
				TEST_HOST = "$(BUILT_PRODUCTS_DIR)/sw.app/Contents/MacOS/sw";
			};
			name = Release;
		};
		005A3FA926477AA000C0980F /* Debug */ = {
			isa = XCBuildConfiguration;
			buildSettings = {
				ALWAYS_EMBED_SWIFT_STANDARD_LIBRARIES = YES;
				CODE_SIGN_STYLE = Automatic;
				COMBINE_HIDPI_IMAGES = YES;
				DEVELOPMENT_TEAM = 629XQDUFL6;
				INFOPLIST_FILE = swUITests/Info.plist;
				LD_RUNPATH_SEARCH_PATHS = (
					"$(inherited)",
					"@executable_path/../Frameworks",
					"@loader_path/../Frameworks",
				);
				PRODUCT_BUNDLE_IDENTIFIER = com.vcspace.swUITests;
				PRODUCT_NAME = "$(TARGET_NAME)";
				SWIFT_VERSION = 5.0;
				TEST_TARGET_NAME = sw;
			};
			name = Debug;
		};
		005A3FAA26477AA000C0980F /* Release */ = {
			isa = XCBuildConfiguration;
			buildSettings = {
				ALWAYS_EMBED_SWIFT_STANDARD_LIBRARIES = YES;
				CODE_SIGN_STYLE = Automatic;
				COMBINE_HIDPI_IMAGES = YES;
				DEVELOPMENT_TEAM = 629XQDUFL6;
				INFOPLIST_FILE = swUITests/Info.plist;
				LD_RUNPATH_SEARCH_PATHS = (
					"$(inherited)",
					"@executable_path/../Frameworks",
					"@loader_path/../Frameworks",
				);
				PRODUCT_BUNDLE_IDENTIFIER = com.vcspace.swUITests;
				PRODUCT_NAME = "$(TARGET_NAME)";
				SWIFT_VERSION = 5.0;
				TEST_TARGET_NAME = sw;
			};
			name = Release;
		};
/* End XCBuildConfiguration section */

/* Begin XCConfigurationList section */
		005A3F7726477AA000C0980F /* Build configuration list for PBXProject "sw" */ = {
			isa = XCConfigurationList;
			buildConfigurations = (
				005A3FA026477AA000C0980F /* Debug */,
				005A3FA126477AA000C0980F /* Release */,
			);
			defaultConfigurationIsVisible = 0;
			defaultConfigurationName = Release;
		};
		005A3FA226477AA000C0980F /* Build configuration list for PBXNativeTarget "sw" */ = {
			isa = XCConfigurationList;
			buildConfigurations = (
				005A3FA326477AA000C0980F /* Debug */,
				005A3FA426477AA000C0980F /* Release */,
			);
			defaultConfigurationIsVisible = 0;
			defaultConfigurationName = Release;
		};
		005A3FA526477AA000C0980F /* Build configuration list for PBXNativeTarget "swTests" */ = {
			isa = XCConfigurationList;
			buildConfigurations = (
				005A3FA626477AA000C0980F /* Debug */,
				005A3FA726477AA000C0980F /* Release */,
			);
			defaultConfigurationIsVisible = 0;
			defaultConfigurationName = Release;
		};
		005A3FA826477AA000C0980F /* Build configuration list for PBXNativeTarget "swUITests" */ = {
			isa = XCConfigurationList;
			buildConfigurations = (
				005A3FA926477AA000C0980F /* Debug */,
				005A3FAA26477AA000C0980F /* Release */,
			);
			defaultConfigurationIsVisible = 0;
			defaultConfigurationName = Release;
		};
/* End XCConfigurationList section */
	};
	rootObject = 005A3F7426477AA000C0980F /* Project object */;
}
